
Microsoft Visual Studio Solution File, Format Version 12.00
# Visual Studio Version 17
VisualStudioVersion = 17.8.34330.188
MinimumVisualStudioVersion = 10.0.40219.1
Project("{FAE04EC0-301F-11D3-BF4B-00C04F79EFBC}") = "SignalRApi", "SignalR.API\SignalRApi.csproj", "{4D730FE5-61A5-49B2-AA3A-46FDBD9A7A6C}"
EndProject
Project("{FAE04EC0-301F-11D3-BF4B-00C04F79EFBC}") = "SignalR.EntityLayer", "SignalR.EntityLayer\SignalR.EntityLayer.csproj", "{E4CEAC3C-ACB1-494F-BA47-07F8C13799A3}"
EndProject
Project("{FAE04EC0-301F-11D3-BF4B-00C04F79EFBC}") = "SignalR.DataAccessLayer", "SignalR.DataAccessLayer\SignalR.DataAccessLayer.csproj", "{4473B142-9E42-41CC-BB34-D8CFE0D9E6B9}"
EndProject
Project("{FAE04EC0-301F-11D3-BF4B-00C04F79EFBC}") = "SignalR.BusinessLayer", "SignalR.BusinessLayer\SignalR.BusinessLayer.csproj", "{837F60F1-B8DC-4BF2-A2D1-418C0E3EF842}"
EndProject
Project("{FAE04EC0-301F-11D3-BF4B-00C04F79EFBC}") = "SignalR.DtoLayer", "SignalR.DtoLayer\SignalR.DtoLayer.csproj", "{A4B59CE0-8EFA-46BA-ADFC-FCA01EE40FFA}"
EndProject
Project("{FAE04EC0-301F-11D3-BF4B-00C04F79EFBC}") = "SignalRWebUI", "SignalRWebUI\SignalRWebUI.csproj", "{6001DA34-AE3E-4CFE-81A2-2ABF6306D9D2}"
EndProject
Global
	GlobalSection(SolutionConfigurationPlatforms) = preSolution
		Debug|Any CPU = Debug|Any CPU
		Release|Any CPU = Release|Any CPU
	EndGlobalSection
	GlobalSection(ProjectConfigurationPlatforms) = postSolution
		{4D730FE5-61A5-49B2-AA3A-46FDBD9A7A6C}.Debug|Any CPU.ActiveCfg = Debug|Any CPU
		{4D730FE5-61A5-49B2-AA3A-46FDBD9A7A6C}.Debug|Any CPU.Build.0 = Debug|Any CPU
		{4D730FE5-61A5-49B2-AA3A-46FDBD9A7A6C}.Release|Any CPU.ActiveCfg = Release|Any CPU
		{4D730FE5-61A5-49B2-AA3A-46FDBD9A7A6C}.Release|Any CPU.Build.0 = Release|Any CPU
		{E4CEAC3C-ACB1-494F-BA47-07F8C13799A3}.Debug|Any CPU.ActiveCfg = Debug|Any CPU
		{E4CEAC3C-ACB1-494F-BA47-07F8C13799A3}.Debug|Any CPU.Build.0 = Debug|Any CPU
		{E4CEAC3C-ACB1-494F-BA47-07F8C13799A3}.Release|Any CPU.ActiveCfg = Release|Any CPU
		{E4CEAC3C-ACB1-494F-BA47-07F8C13799A3}.Release|Any CPU.Build.0 = Release|Any CPU
		{4473B142-9E42-41CC-BB34-D8CFE0D9E6B9}.Debug|Any CPU.ActiveCfg = Debug|Any CPU
		{4473B142-9E42-41CC-BB34-D8CFE0D9E6B9}.Debug|Any CPU.Build.0 = Debug|Any CPU
		{4473B142-9E42-41CC-BB34-D8CFE0D9E6B9}.Release|Any CPU.ActiveCfg = Release|Any CPU
		{4473B142-9E42-41CC-BB34-D8CFE0D9E6B9}.Release|Any CPU.Build.0 = Release|Any CPU
		{837F60F1-B8DC-4BF2-A2D1-418C0E3EF842}.Debug|Any CPU.ActiveCfg = Debug|Any CPU
		{837F60F1-B8DC-4BF2-A2D1-418C0E3EF842}.Debug|Any CPU.Build.0 = Debug|Any CPU
		{837F60F1-B8DC-4BF2-A2D1-418C0E3EF842}.Release|Any CPU.ActiveCfg = Release|Any CPU
		{837F60F1-B8DC-4BF2-A2D1-418C0E3EF842}.Release|Any CPU.Build.0 = Release|Any CPU
		{A4B59CE0-8EFA-46BA-ADFC-FCA01EE40FFA}.Debug|Any CPU.ActiveCfg = Debug|Any CPU
		{A4B59CE0-8EFA-46BA-ADFC-FCA01EE40FFA}.Debug|Any CPU.Build.0 = Debug|Any CPU
		{A4B59CE0-8EFA-46BA-ADFC-FCA01EE40FFA}.Release|Any CPU.ActiveCfg = Release|Any CPU
		{A4B59CE0-8EFA-46BA-ADFC-FCA01EE40FFA}.Release|Any CPU.Build.0 = Release|Any CPU
		{6001DA34-AE3E-4CFE-81A2-2ABF6306D9D2}.Debug|Any CPU.ActiveCfg = Debug|Any CPU
		{6001DA34-AE3E-4CFE-81A2-2ABF6306D9D2}.Debug|Any CPU.Build.0 = Debug|Any CPU
		{6001DA34-AE3E-4CFE-81A2-2ABF6306D9D2}.Release|Any CPU.ActiveCfg = Release|Any CPU
		{6001DA34-AE3E-4CFE-81A2-2ABF6306D9D2}.Release|Any CPU.Build.0 = Release|Any CPU
	EndGlobalSection
	GlobalSection(SolutionProperties) = preSolution
		HideSolutionNode = FALSE
	EndGlobalSection
	GlobalSection(ExtensibilityGlobals) = postSolution
		SolutionGuid = {EF95A2FB-178C-4141-9414-EE3F85A73759}
	EndGlobalSection
EndGlobal
